
Microsoft Visual Studio Solution File, Format Version 12.00
# Visual Studio 2012
Project("{FAE04EC0-301F-11D3-BF4B-00C04F79EFBC}") = "Test", "Test\Test.csproj", "{2758F498-A84C-4920-A748-00388EC4F05C}"
EndProject
Project("{FAE04EC0-301F-11D3-BF4B-00C04F79EFBC}") = "Test.Droid", "Test.Droid\Test.Droid.csproj", "{66FCBEAF-FFB3-4484-8E00-41C359FA9018}"
EndProject
Project("{FAE04EC0-301F-11D3-BF4B-00C04F79EFBC}") = "Test.iOS", "Test.iOS\Test.iOS.csproj", "{2652486F-A431-4EC4-AD57-D368AB383A21}"
EndProject
Global
	GlobalSection(SolutionConfigurationPlatforms) = preSolution
		Debug|Any CPU = Debug|Any CPU
		Release|Any CPU = Release|Any CPU
		Debug|iPhoneSimulator = Debug|iPhoneSimulator
		Release|iPhone = Release|iPhone
		Release|iPhoneSimulator = Release|iPhoneSimulator
		Debug|iPhone = Debug|iPhone
	EndGlobalSection
	GlobalSection(ProjectConfigurationPlatforms) = postSolution
		{2758F498-A84C-4920-A748-00388EC4F05C}.Debug|Any CPU.ActiveCfg = Debug|Any CPU
		{2758F498-A84C-4920-A748-00388EC4F05C}.Debug|Any CPU.Build.0 = Debug|Any CPU
		{2758F498-A84C-4920-A748-00388EC4F05C}.Release|Any CPU.ActiveCfg = Release|Any CPU
		{2758F498-A84C-4920-A748-00388EC4F05C}.Release|Any CPU.Build.0 = Release|Any CPU
		{2758F498-A84C-4920-A748-00388EC4F05C}.Debug|iPhoneSimulator.ActiveCfg = Debug|Any CPU
		{2758F498-A84C-4920-A748-00388EC4F05C}.Debug|iPhoneSimulator.Build.0 = Debug|Any CPU
		{2758F498-A84C-4920-A748-00388EC4F05C}.Release|iPhone.ActiveCfg = Release|Any CPU
		{2758F498-A84C-4920-A748-00388EC4F05C}.Release|iPhone.Build.0 = Release|Any CPU
		{2758F498-A84C-4920-A748-00388EC4F05C}.Release|iPhoneSimulator.ActiveCfg = Release|Any CPU
		{2758F498-A84C-4920-A748-00388EC4F05C}.Release|iPhoneSimulator.Build.0 = Release|Any CPU
		{2758F498-A84C-4920-A748-00388EC4F05C}.Debug|iPhone.ActiveCfg = Debug|Any CPU
		{2758F498-A84C-4920-A748-00388EC4F05C}.Debug|iPhone.Build.0 = Debug|Any CPU
		{66FCBEAF-FFB3-4484-8E00-41C359FA9018}.Debug|Any CPU.ActiveCfg = Debug|Any CPU
		{66FCBEAF-FFB3-4484-8E00-41C359FA9018}.Debug|Any CPU.Build.0 = Debug|Any CPU
		{66FCBEAF-FFB3-4484-8E00-41C359FA9018}.Release|Any CPU.ActiveCfg = Release|Any CPU
		{66FCBEAF-FFB3-4484-8E00-41C359FA9018}.Release|Any CPU.Build.0 = Release|Any CPU
		{66FCBEAF-FFB3-4484-8E00-41C359FA9018}.Debug|iPhoneSimulator.ActiveCfg = Debug|Any CPU
		{66FCBEAF-FFB3-4484-8E00-41C359FA9018}.Debug|iPhoneSimulator.Build.0 = Debug|Any CPU
		{66FCBEAF-FFB3-4484-8E00-41C359FA9018}.Release|iPhone.ActiveCfg = Release|Any CPU
		{66FCBEAF-FFB3-4484-8E00-41C359FA9018}.Release|iPhone.Build.0 = Release|Any CPU
		{66FCBEAF-FFB3-4484-8E00-41C359FA9018}.Release|iPhoneSimulator.ActiveCfg = Release|Any CPU
		{66FCBEAF-FFB3-4484-8E00-41C359FA9018}.Release|iPhoneSimulator.Build.0 = Release|Any CPU
		{66FCBEAF-FFB3-4484-8E00-41C359FA9018}.Debug|iPhone.ActiveCfg = Debug|Any CPU
		{66FCBEAF-FFB3-4484-8E00-41C359FA9018}.Debug|iPhone.Build.0 = Debug|Any CPU
		{2652486F-A431-4EC4-AD57-D368AB383A21}.Debug|Any CPU.ActiveCfg = Debug|iPhoneSimulator
		{2652486F-A431-4EC4-AD57-D368AB383A21}.Debug|Any CPU.Build.0 = Debug|iPhoneSimulator
		{2652486F-A431-4EC4-AD57-D368AB383A21}.Release|Any CPU.ActiveCfg = Release|iPhone
		{2652486F-A431-4EC4-AD57-D368AB383A21}.Release|Any CPU.Build.0 = Release|iPhone
		{2652486F-A431-4EC4-AD57-D368AB383A21}.Debug|iPhoneSimulator.ActiveCfg = Debug|iPhoneSimulator
		{2652486F-A431-4EC4-AD57-D368AB383A21}.Debug|iPhoneSimulator.Build.0 = Debug|iPhoneSimulator
		{2652486F-A431-4EC4-AD57-D368AB383A21}.Release|iPhone.ActiveCfg = Release|iPhone
		{2652486F-A431-4EC4-AD57-D368AB383A21}.Release|iPhone.Build.0 = Release|iPhone
		{2652486F-A431-4EC4-AD57-D368AB383A21}.Release|iPhoneSimulator.ActiveCfg = Release|iPhoneSimulator
		{2652486F-A431-4EC4-AD57-D368AB383A21}.Release|iPhoneSimulator.Build.0 = Release|iPhoneSimulator
		{2652486F-A431-4EC4-AD57-D368AB383A21}.Debug|iPhone.ActiveCfg = Debug|iPhone
		{2652486F-A431-4EC4-AD57-D368AB383A21}.Debug|iPhone.Build.0 = Debug|iPhone
	EndGlobalSection
EndGlobal
